Microsoft Visual Studio Solution File, Format Version 12.00
# Visual Studio 15
VisualStudioVersion = 15.0.26730.3
MinimumVisualStudioVersion = 10.0.40219.1
Project("{FAE04EC0-301F-11D3-BF4B-00C04F79EFBC}") = "Serilog.Sinks.GoogleCloudLogging", "Serilog.Sinks.GoogleCloudLogging\Serilog.Sinks.GoogleCloudLogging.csproj", "{0F81D373-2221-42EE-9B64-8D2A4FC14696}"
EndProject
Global
	GlobalSection(SolutionConfigurationPlatforms) = preSolution
		Debug|Any CPU = Debug|Any CPU
		Release|Any CPU = Release|Any CPU
	EndGlobalSection
	GlobalSection(ProjectConfigurationPlatforms) = postSolution
		{0F81D373-2221-42EE-9B64-8D2A4FC14696}.Debug|Any CPU.ActiveCfg = Debug|Any CPU
		{0F81D373-2221-42EE-9B64-8D2A4FC14696}.Debug|Any CPU.Build.0 = Debug|Any CPU
		{0F81D373-2221-42EE-9B64-8D2A4FC14696}.Release|Any CPU.ActiveCfg = Release|Any CPU
		{0F81D373-2221-42EE-9B64-8D2A4FC14696}.Release|Any CPU.Build.0 = Release|Any CPU
	EndGlobalSection
	GlobalSection(SolutionProperties) = preSolution
		HideSolutionNode = FALSE
	EndGlobalSection
	GlobalSection(ExtensibilityGlobals) = postSolution
		SolutionGuid = {0A95D25E-87B0-4E06-A946-F345A59FD64A}
	EndGlobalSection
EndGlobal
