
Microsoft Visual Studio Solution File, Format Version 12.00
# Visual Studio Version 16
VisualStudioVersion = 16.0.29613.14
MinimumVisualStudioVersion = 10.0.40219.1
Project("{9A19103F-16F7-4668-BE54-9A1E7A4F7556}") = "Serilog.Sinks.GoogleCloudLogging", "Serilog.Sinks.GoogleCloudLogging\Serilog.Sinks.GoogleCloudLogging.csproj", "{0F81D373-2221-42EE-9B64-8D2A4FC14696}"
EndProject
Project("{9A19103F-16F7-4668-BE54-9A1E7A4F7556}") = "TestWeb", "TestWeb\TestWeb.csproj", "{9E43C6F7-F6D0-4478-910D-7C43E7F4CECF}"
EndProject
Project("{9A19103F-16F7-4668-BE54-9A1E7A4F7556}") = "Serilog.Sinks.GoogleCloudLogging.Test", "Serilog.Sinks.GoogleCloudLogging.Test\Serilog.Sinks.GoogleCloudLogging.Test.csproj", "{858BBD6D-9FF4-4D78-95A7-7139E69FCC55}"
EndProject
Global
	GlobalSection(SolutionConfigurationPlatforms) = preSolution
		Debug|Any CPU = Debug|Any CPU
		Release|Any CPU = Release|Any CPU
	EndGlobalSection
	GlobalSection(ProjectConfigurationPlatforms) = postSolution
		{0F81D373-2221-42EE-9B64-8D2A4FC14696}.Debug|Any CPU.ActiveCfg = Debug|Any CPU
		{0F81D373-2221-42EE-9B64-8D2A4FC14696}.Debug|Any CPU.Build.0 = Debug|Any CPU
		{0F81D373-2221-42EE-9B64-8D2A4FC14696}.Release|Any CPU.ActiveCfg = Release|Any CPU
		{0F81D373-2221-42EE-9B64-8D2A4FC14696}.Release|Any CPU.Build.0 = Release|Any CPU
		{9E43C6F7-F6D0-4478-910D-7C43E7F4CECF}.Debug|Any CPU.ActiveCfg = Debug|Any CPU
		{9E43C6F7-F6D0-4478-910D-7C43E7F4CECF}.Debug|Any CPU.Build.0 = Debug|Any CPU
		{9E43C6F7-F6D0-4478-910D-7C43E7F4CECF}.Release|Any CPU.ActiveCfg = Release|Any CPU
		{9E43C6F7-F6D0-4478-910D-7C43E7F4CECF}.Release|Any CPU.Build.0 = Release|Any CPU
		{858BBD6D-9FF4-4D78-95A7-7139E69FCC55}.Debug|Any CPU.ActiveCfg = Debug|Any CPU
		{858BBD6D-9FF4-4D78-95A7-7139E69FCC55}.Debug|Any CPU.Build.0 = Debug|Any CPU
		{858BBD6D-9FF4-4D78-95A7-7139E69FCC55}.Release|Any CPU.ActiveCfg = Release|Any CPU
		{858BBD6D-9FF4-4D78-95A7-7139E69FCC55}.Release|Any CPU.Build.0 = Release|Any CPU
	EndGlobalSection
	GlobalSection(SolutionProperties) = preSolution
		HideSolutionNode = FALSE
	EndGlobalSection
	GlobalSection(ExtensibilityGlobals) = postSolution
		SolutionGuid = {0A95D25E-87B0-4E06-A946-F345A59FD64A}
	EndGlobalSection
EndGlobal
